
Microsoft Visual Studio Solution File, Format Version 12.00
# Visual Studio 15
VisualStudioVersion = 15.0.28010.2003
MinimumVisualStudioVersion = 10.0.40219.1
Project("{FAE04EC0-301F-11D3-BF4B-00C04F79EFBC}") = "01.Define a Class Person", "01.Define a Class Person\01.Define a Class Person.csproj", "{88B19A71-3CDB-4C6B-9BE0-D8885A476F35}"
EndProject
Project("{FAE04EC0-301F-11D3-BF4B-00C04F79EFBC}") = "02.Creating Constructors", "02.Creating Constructors\02.Creating Constructors.csproj", "{BD7D82B8-7F89-4378-A877-EDD3BA59C643}"
EndProject
Project("{FAE04EC0-301F-11D3-BF4B-00C04F79EFBC}") = "03.Oldest Family Member", "03.Oldest Family Member\03.Oldest Family Member.csproj", "{8A9B2A4D-32AF-4972-9BE1-CD5971514133}"
EndProject
Project("{FAE04EC0-301F-11D3-BF4B-00C04F79EFBC}") = "04.Opinion Poll", "04.Opinion Poll\04.Opinion Poll.csproj", "{53518B25-2155-4A3F-8C92-35FDD9E83669}"
EndProject
Project("{FAE04EC0-301F-11D3-BF4B-00C04F79EFBC}") = "05.Date Modifier", "05.Date Modifier\05.Date Modifier.csproj", "{EDA444AC-87BE-485C-A176-3BCA90B07C15}"
EndProject
Project("{FAE04EC0-301F-11D3-BF4B-00C04F79EFBC}") = "06. Company Roster", "06. Company Roster\06. Company Roster.csproj", "{1BBAE154-C0D2-492E-8FB4-602AF40A840D}"
EndProject
Project("{FAE04EC0-301F-11D3-BF4B-00C04F79EFBC}") = "07. Speed Racing", "07. Speed Racing\07. Speed Racing.csproj", "{D2C2416A-3ED8-44AD-8C97-9584C0AE3F2C}"
EndProject
Project("{FAE04EC0-301F-11D3-BF4B-00C04F79EFBC}") = "08. Raw Data", "08. Raw Data\08. Raw Data.csproj", "{EC1A49A6-EB02-400A-8409-BCC86A447097}"
EndProject
Project("{FAE04EC0-301F-11D3-BF4B-00C04F79EFBC}") = "09. Rectangle Intesection", "09. Rectangle Intesection\09. Rectangle Intesection.csproj", "{FB22E0E8-7945-4A11-9FE0-32AFED02C2FD}"
EndProject
Global
	GlobalSection(SolutionConfigurationPlatforms) = preSolution
		Debug|Any CPU = Debug|Any CPU
		Release|Any CPU = Release|Any CPU
	EndGlobalSection
	GlobalSection(ProjectConfigurationPlatforms) = postSolution
		{88B19A71-3CDB-4C6B-9BE0-D8885A476F35}.Debug|Any CPU.ActiveCfg = Debug|Any CPU
		{88B19A71-3CDB-4C6B-9BE0-D8885A476F35}.Debug|Any CPU.Build.0 = Debug|Any CPU
		{88B19A71-3CDB-4C6B-9BE0-D8885A476F35}.Release|Any CPU.ActiveCfg = Release|Any CPU
		{88B19A71-3CDB-4C6B-9BE0-D8885A476F35}.Release|Any CPU.Build.0 = Release|Any CPU
		{BD7D82B8-7F89-4378-A877-EDD3BA59C643}.Debug|Any CPU.ActiveCfg = Debug|Any CPU
		{BD7D82B8-7F89-4378-A877-EDD3BA59C643}.Debug|Any CPU.Build.0 = Debug|Any CPU
		{BD7D82B8-7F89-4378-A877-EDD3BA59C643}.Release|Any CPU.ActiveCfg = Release|Any CPU
		{BD7D82B8-7F89-4378-A877-EDD3BA59C643}.Release|Any CPU.Build.0 = Release|Any CPU
		{8A9B2A4D-32AF-4972-9BE1-CD5971514133}.Debug|Any CPU.ActiveCfg = Debug|Any CPU
		{8A9B2A4D-32AF-4972-9BE1-CD5971514133}.Debug|Any CPU.Build.0 = Debug|Any CPU
		{8A9B2A4D-32AF-4972-9BE1-CD5971514133}.Release|Any CPU.ActiveCfg = Release|Any CPU
		{8A9B2A4D-32AF-4972-9BE1-CD5971514133}.Release|Any CPU.Build.0 = Release|Any CPU
		{53518B25-2155-4A3F-8C92-35FDD9E83669}.Debug|Any CPU.ActiveCfg = Debug|Any CPU
		{53518B25-2155-4A3F-8C92-35FDD9E83669}.Debug|Any CPU.Build.0 = Debug|Any CPU
		{53518B25-2155-4A3F-8C92-35FDD9E83669}.Release|Any CPU.ActiveCfg = Release|Any CPU
		{53518B25-2155-4A3F-8C92-35FDD9E83669}.Release|Any CPU.Build.0 = Release|Any CPU
		{EDA444AC-87BE-485C-A176-3BCA90B07C15}.Debug|Any CPU.ActiveCfg = Debug|Any CPU
		{EDA444AC-87BE-485C-A176-3BCA90B07C15}.Debug|Any CPU.Build.0 = Debug|Any CPU
		{EDA444AC-87BE-485C-A176-3BCA90B07C15}.Release|Any CPU.ActiveCfg = Release|Any CPU
		{EDA444AC-87BE-485C-A176-3BCA90B07C15}.Release|Any CPU.Build.0 = Release|Any CPU
		{1BBAE154-C0D2-492E-8FB4-602AF40A840D}.Debug|Any CPU.ActiveCfg = Debug|Any CPU
		{1BBAE154-C0D2-492E-8FB4-602AF40A840D}.Debug|Any CPU.Build.0 = Debug|Any CPU
		{1BBAE154-C0D2-492E-8FB4-602AF40A840D}.Release|Any CPU.ActiveCfg = Release|Any CPU
		{1BBAE154-C0D2-492E-8FB4-602AF40A840D}.Release|Any CPU.Build.0 = Release|Any CPU
		{D2C2416A-3ED8-44AD-8C97-9584C0AE3F2C}.Debug|Any CPU.ActiveCfg = Debug|Any CPU
		{D2C2416A-3ED8-44AD-8C97-9584C0AE3F2C}.Debug|Any CPU.Build.0 = Debug|Any CPU
		{D2C2416A-3ED8-44AD-8C97-9584C0AE3F2C}.Release|Any CPU.ActiveCfg = Release|Any CPU
		{D2C2416A-3ED8-44AD-8C97-9584C0AE3F2C}.Release|Any CPU.Build.0 = Release|Any CPU
		{EC1A49A6-EB02-400A-8409-BCC86A447097}.Debug|Any CPU.ActiveCfg = Debug|Any CPU
		{EC1A49A6-EB02-400A-8409-BCC86A447097}.Debug|Any CPU.Build.0 = Debug|Any CPU
		{EC1A49A6-EB02-400A-8409-BCC86A447097}.Release|Any CPU.ActiveCfg = Release|Any CPU
		{EC1A49A6-EB02-400A-8409-BCC86A447097}.Release|Any CPU.Build.0 = Release|Any CPU
		{FB22E0E8-7945-4A11-9FE0-32AFED02C2FD}.Debug|Any CPU.ActiveCfg = Debug|Any CPU
		{FB22E0E8-7945-4A11-9FE0-32AFED02C2FD}.Debug|Any CPU.Build.0 = Debug|Any CPU
		{FB22E0E8-7945-4A11-9FE0-32AFED02C2FD}.Release|Any CPU.ActiveCfg = Release|Any CPU
		{FB22E0E8-7945-4A11-9FE0-32AFED02C2FD}.Release|Any CPU.Build.0 = Release|Any CPU
	EndGlobalSection
	GlobalSection(SolutionProperties) = preSolution
		HideSolutionNode = FALSE
	EndGlobalSection
	GlobalSection(ExtensibilityGlobals) = postSolution
		SolutionGuid = {C1485989-D7A0-4B59-B00D-6313F68CBEBC}
	EndGlobalSection
EndGlobal
