
Microsoft Visual Studio Solution File, Format Version 12.00
# Visual Studio 15
VisualStudioVersion = 15.0.28010.2003
MinimumVisualStudioVersion = 10.0.40219.1
Project("{9A19103F-16F7-4668-BE54-9A1E7A4F7556}") = "01_RawData", "netCore\01_RawData.csproj", "{FB078E1E-F1F3-4AB5-84C6-833F1F017E60}"
EndProject
Project("{9A19103F-16F7-4668-BE54-9A1E7A4F7556}") = "02_CarSalesman", "CarSalesman\02_CarSalesman.csproj", "{FCAB7ABE-8152-4524-ADB7-864547B515C5}"
EndProject
Project("{9A19103F-16F7-4668-BE54-9A1E7A4F7556}") = "03_JedGalaxy", "JedGalaxy\03_JedGalaxy.csproj", "{CA93E94D-26E1-4DCD-914A-B30D0714AE5A}"
EndProject
Project("{9A19103F-16F7-4668-BE54-9A1E7A4F7556}") = "04_Hospital", "Hospital\04_Hospital.csproj", "{6E7F3E4F-8A2B-4BF3-AA60-B7C445FFAD55}"
EndProject
Project("{9A19103F-16F7-4668-BE54-9A1E7A4F7556}") = "05_GreedyTimes", "GreedyTimes\05_GreedyTimes.csproj", "{8492E071-7737-4671-9FDC-05784CC58EFD}"
EndProject
Project("{9A19103F-16F7-4668-BE54-9A1E7A4F7556}") = "06_Sneaking", "Sneaking\06_Sneaking.csproj", "{1913B070-7AA2-4CE9-A5F9-50DD4B415537}"
EndProject
Project("{9A19103F-16F7-4668-BE54-9A1E7A4F7556}") = "07_FamilyTree", "FamilyTree\07_FamilyTree.csproj", "{ED6C4C30-E10F-47FB-AE52-02C83638688D}"
EndProject
Project("{FAE04EC0-301F-11D3-BF4B-00C04F79EFBC}") = "01_.RawData", "01_.RawData\01_.RawData.csproj", "{ACF596E9-F25F-4A0A-A044-A1328F4CF011}"
EndProject
Global
	GlobalSection(SolutionConfigurationPlatforms) = preSolution
		Debug|Any CPU = Debug|Any CPU
		Release|Any CPU = Release|Any CPU
	EndGlobalSection
	GlobalSection(ProjectConfigurationPlatforms) = postSolution
		{FB078E1E-F1F3-4AB5-84C6-833F1F017E60}.Debug|Any CPU.ActiveCfg = Debug|Any CPU
		{FB078E1E-F1F3-4AB5-84C6-833F1F017E60}.Debug|Any CPU.Build.0 = Debug|Any CPU
		{FB078E1E-F1F3-4AB5-84C6-833F1F017E60}.Release|Any CPU.ActiveCfg = Release|Any CPU
		{FB078E1E-F1F3-4AB5-84C6-833F1F017E60}.Release|Any CPU.Build.0 = Release|Any CPU
		{FCAB7ABE-8152-4524-ADB7-864547B515C5}.Debug|Any CPU.ActiveCfg = Debug|Any CPU
		{FCAB7ABE-8152-4524-ADB7-864547B515C5}.Debug|Any CPU.Build.0 = Debug|Any CPU
		{FCAB7ABE-8152-4524-ADB7-864547B515C5}.Release|Any CPU.ActiveCfg = Release|Any CPU
		{FCAB7ABE-8152-4524-ADB7-864547B515C5}.Release|Any CPU.Build.0 = Release|Any CPU
		{CA93E94D-26E1-4DCD-914A-B30D0714AE5A}.Debug|Any CPU.ActiveCfg = Debug|Any CPU
		{CA93E94D-26E1-4DCD-914A-B30D0714AE5A}.Debug|Any CPU.Build.0 = Debug|Any CPU
		{CA93E94D-26E1-4DCD-914A-B30D0714AE5A}.Release|Any CPU.ActiveCfg = Release|Any CPU
		{CA93E94D-26E1-4DCD-914A-B30D0714AE5A}.Release|Any CPU.Build.0 = Release|Any CPU
		{6E7F3E4F-8A2B-4BF3-AA60-B7C445FFAD55}.Debug|Any CPU.ActiveCfg = Debug|Any CPU
		{6E7F3E4F-8A2B-4BF3-AA60-B7C445FFAD55}.Debug|Any CPU.Build.0 = Debug|Any CPU
		{6E7F3E4F-8A2B-4BF3-AA60-B7C445FFAD55}.Release|Any CPU.ActiveCfg = Release|Any CPU
		{6E7F3E4F-8A2B-4BF3-AA60-B7C445FFAD55}.Release|Any CPU.Build.0 = Release|Any CPU
		{8492E071-7737-4671-9FDC-05784CC58EFD}.Debug|Any CPU.ActiveCfg = Debug|Any CPU
		{8492E071-7737-4671-9FDC-05784CC58EFD}.Debug|Any CPU.Build.0 = Debug|Any CPU
		{8492E071-7737-4671-9FDC-05784CC58EFD}.Release|Any CPU.ActiveCfg = Release|Any CPU
		{8492E071-7737-4671-9FDC-05784CC58EFD}.Release|Any CPU.Build.0 = Release|Any CPU
		{1913B070-7AA2-4CE9-A5F9-50DD4B415537}.Debug|Any CPU.ActiveCfg = Debug|Any CPU
		{1913B070-7AA2-4CE9-A5F9-50DD4B415537}.Debug|Any CPU.Build.0 = Debug|Any CPU
		{1913B070-7AA2-4CE9-A5F9-50DD4B415537}.Release|Any CPU.ActiveCfg = Release|Any CPU
		{1913B070-7AA2-4CE9-A5F9-50DD4B415537}.Release|Any CPU.Build.0 = Release|Any CPU
		{ED6C4C30-E10F-47FB-AE52-02C83638688D}.Debug|Any CPU.ActiveCfg = Debug|Any CPU
		{ED6C4C30-E10F-47FB-AE52-02C83638688D}.Debug|Any CPU.Build.0 = Debug|Any CPU
		{ED6C4C30-E10F-47FB-AE52-02C83638688D}.Release|Any CPU.ActiveCfg = Release|Any CPU
		{ED6C4C30-E10F-47FB-AE52-02C83638688D}.Release|Any CPU.Build.0 = Release|Any CPU
		{ACF596E9-F25F-4A0A-A044-A1328F4CF011}.Debug|Any CPU.ActiveCfg = Debug|Any CPU
		{ACF596E9-F25F-4A0A-A044-A1328F4CF011}.Debug|Any CPU.Build.0 = Debug|Any CPU
		{ACF596E9-F25F-4A0A-A044-A1328F4CF011}.Release|Any CPU.ActiveCfg = Release|Any CPU
		{ACF596E9-F25F-4A0A-A044-A1328F4CF011}.Release|Any CPU.Build.0 = Release|Any CPU
	EndGlobalSection
	GlobalSection(SolutionProperties) = preSolution
		HideSolutionNode = FALSE
	EndGlobalSection
	GlobalSection(ExtensibilityGlobals) = postSolution
		SolutionGuid = {3B6DFC01-6396-42BF-B130-3D0F77AA905C}
	EndGlobalSection
EndGlobal
