
Microsoft Visual Studio Solution File, Format Version 12.00
# Visual Studio 15
VisualStudioVersion = 15.0.28010.2003
MinimumVisualStudioVersion = 10.0.40219.1
Project("{FAE04EC0-301F-11D3-BF4B-00C04F79EFBC}") = "01. Vehicles", "01. Vehicles\01. Vehicles.csproj", "{77AF5A5F-41DE-490F-9658-AAF5A4A80188}"
EndProject
Project("{FAE04EC0-301F-11D3-BF4B-00C04F79EFBC}") = "02. Vehicle Extension", "02. Vehicle Extension\02. Vehicle Extension.csproj", "{09EBA83E-84C5-4854-8B9A-6846F5E436D8}"
EndProject
Project("{FAE04EC0-301F-11D3-BF4B-00C04F79EFBC}") = "03.Wild Farm", "03.Wild Farm\03.Wild Farm.csproj", "{05969445-6FC1-4F86-8D10-4D5F560D9B32}"
EndProject
Global
	GlobalSection(SolutionConfigurationPlatforms) = preSolution
		Debug|Any CPU = Debug|Any CPU
		Release|Any CPU = Release|Any CPU
	EndGlobalSection
	GlobalSection(ProjectConfigurationPlatforms) = postSolution
		{77AF5A5F-41DE-490F-9658-AAF5A4A80188}.Debug|Any CPU.ActiveCfg = Debug|Any CPU
		{77AF5A5F-41DE-490F-9658-AAF5A4A80188}.Debug|Any CPU.Build.0 = Debug|Any CPU
		{77AF5A5F-41DE-490F-9658-AAF5A4A80188}.Release|Any CPU.ActiveCfg = Release|Any CPU
		{77AF5A5F-41DE-490F-9658-AAF5A4A80188}.Release|Any CPU.Build.0 = Release|Any CPU
		{09EBA83E-84C5-4854-8B9A-6846F5E436D8}.Debug|Any CPU.ActiveCfg = Debug|Any CPU
		{09EBA83E-84C5-4854-8B9A-6846F5E436D8}.Debug|Any CPU.Build.0 = Debug|Any CPU
		{09EBA83E-84C5-4854-8B9A-6846F5E436D8}.Release|Any CPU.ActiveCfg = Release|Any CPU
		{09EBA83E-84C5-4854-8B9A-6846F5E436D8}.Release|Any CPU.Build.0 = Release|Any CPU
		{05969445-6FC1-4F86-8D10-4D5F560D9B32}.Debug|Any CPU.ActiveCfg = Debug|Any CPU
		{05969445-6FC1-4F86-8D10-4D5F560D9B32}.Debug|Any CPU.Build.0 = Debug|Any CPU
		{05969445-6FC1-4F86-8D10-4D5F560D9B32}.Release|Any CPU.ActiveCfg = Release|Any CPU
		{05969445-6FC1-4F86-8D10-4D5F560D9B32}.Release|Any CPU.Build.0 = Release|Any CPU
	EndGlobalSection
	GlobalSection(SolutionProperties) = preSolution
		HideSolutionNode = FALSE
	EndGlobalSection
	GlobalSection(ExtensibilityGlobals) = postSolution
		SolutionGuid = {79D79925-A8B0-4C85-AB5B-4FC8AFAE5A24}
	EndGlobalSection
EndGlobal
