
Microsoft Visual Studio Solution File, Format Version 12.00
# Visual Studio 15
VisualStudioVersion = 15.0.28010.2003
MinimumVisualStudioVersion = 10.0.40219.1
Project("{FAE04EC0-301F-11D3-BF4B-00C04F79EFBC}") = "01_Vehicles", "01_Vehicles\01_Vehicles.csproj", "{6E7CC6B4-7E5A-4940-8AEA-0F5360224CF3}"
EndProject
Project("{FAE04EC0-301F-11D3-BF4B-00C04F79EFBC}") = "02_Vehicle_Extension", "02_Vehicle_Extension\02_Vehicle_Extension.csproj", "{C24EA0A0-DE33-4514-8BA9-7E7FA4390DBB}"
EndProject
Project("{FAE04EC0-301F-11D3-BF4B-00C04F79EFBC}") = "03_Wild_Farm", "03_Wild_Farm\03_Wild_Farm.csproj", "{53FE8F0D-B55C-4D7A-8D6F-C83904FB0091}"
EndProject
Global
	GlobalSection(SolutionConfigurationPlatforms) = preSolution
		Debug|Any CPU = Debug|Any CPU
		Release|Any CPU = Release|Any CPU
	EndGlobalSection
	GlobalSection(ProjectConfigurationPlatforms) = postSolution
		{6E7CC6B4-7E5A-4940-8AEA-0F5360224CF3}.Debug|Any CPU.ActiveCfg = Debug|Any CPU
		{6E7CC6B4-7E5A-4940-8AEA-0F5360224CF3}.Debug|Any CPU.Build.0 = Debug|Any CPU
		{6E7CC6B4-7E5A-4940-8AEA-0F5360224CF3}.Release|Any CPU.ActiveCfg = Release|Any CPU
		{6E7CC6B4-7E5A-4940-8AEA-0F5360224CF3}.Release|Any CPU.Build.0 = Release|Any CPU
		{C24EA0A0-DE33-4514-8BA9-7E7FA4390DBB}.Debug|Any CPU.ActiveCfg = Debug|Any CPU
		{C24EA0A0-DE33-4514-8BA9-7E7FA4390DBB}.Debug|Any CPU.Build.0 = Debug|Any CPU
		{C24EA0A0-DE33-4514-8BA9-7E7FA4390DBB}.Release|Any CPU.ActiveCfg = Release|Any CPU
		{C24EA0A0-DE33-4514-8BA9-7E7FA4390DBB}.Release|Any CPU.Build.0 = Release|Any CPU
		{53FE8F0D-B55C-4D7A-8D6F-C83904FB0091}.Debug|Any CPU.ActiveCfg = Debug|Any CPU
		{53FE8F0D-B55C-4D7A-8D6F-C83904FB0091}.Debug|Any CPU.Build.0 = Debug|Any CPU
		{53FE8F0D-B55C-4D7A-8D6F-C83904FB0091}.Release|Any CPU.ActiveCfg = Release|Any CPU
		{53FE8F0D-B55C-4D7A-8D6F-C83904FB0091}.Release|Any CPU.Build.0 = Release|Any CPU
	EndGlobalSection
	GlobalSection(SolutionProperties) = preSolution
		HideSolutionNode = FALSE
	EndGlobalSection
	GlobalSection(ExtensibilityGlobals) = postSolution
		SolutionGuid = {79D79925-A8B0-4C85-AB5B-4FC8AFAE5A24}
	EndGlobalSection
EndGlobal
